
Microsoft Visual Studio Solution File, Format Version 12.00
Project("{FAE04EC0-301F-11D3-BF4B-00C04F79EFBC}") = "MySecondWebApp", "MySecondWebApp\MySecondWebApp.csproj", "{046CF673-E3AA-4567-8793-0991BC67A800}"
EndProject
Global
	GlobalSection(SolutionConfigurationPlatforms) = preSolution
		Debug|Any CPU = Debug|Any CPU
		Release|Any CPU = Release|Any CPU
	EndGlobalSection
	GlobalSection(ProjectConfigurationPlatforms) = postSolution
		{046CF673-E3AA-4567-8793-0991BC67A800}.Debug|Any CPU.ActiveCfg = Debug|Any CPU
		{046CF673-E3AA-4567-8793-0991BC67A800}.Debug|Any CPU.Build.0 = Debug|Any CPU
		{046CF673-E3AA-4567-8793-0991BC67A800}.Release|Any CPU.ActiveCfg = Release|Any CPU
		{046CF673-E3AA-4567-8793-0991BC67A800}.Release|Any CPU.Build.0 = Release|Any CPU
	EndGlobalSection
EndGlobal
